
Microsoft Visual Studio Solution File, Format Version 12.00
# Visual Studio Version 17
VisualStudioVersion = 17.7.34202.233
MinimumVisualStudioVersion = 10.0.40219.1
Project("{9A19103F-16F7-4668-BE54-9A1E7A4F7556}") = "PetApi", "PetApi\PetApi.csproj", "{BDD791D2-C811-4C0A-AF2B-71540F68300E}"
EndProject
Global
	GlobalSection(SolutionConfigurationPlatforms) = preSolution
		Debug|Any CPU = Debug|Any CPU
		Release|Any CPU = Release|Any CPU
	EndGlobalSection
	GlobalSection(ProjectConfigurationPlatforms) = postSolution
		{BDD791D2-C811-4C0A-AF2B-71540F68300E}.Debug|Any CPU.ActiveCfg = Debug|Any CPU
		{BDD791D2-C811-4C0A-AF2B-71540F68300E}.Debug|Any CPU.Build.0 = Debug|Any CPU
		{BDD791D2-C811-4C0A-AF2B-71540F68300E}.Release|Any CPU.ActiveCfg = Release|Any CPU
		{BDD791D2-C811-4C0A-AF2B-71540F68300E}.Release|Any CPU.Build.0 = Release|Any CPU
	EndGlobalSection
	GlobalSection(SolutionProperties) = preSolution
		HideSolutionNode = FALSE
	EndGlobalSection
	GlobalSection(ExtensibilityGlobals) = postSolution
		SolutionGuid = {86609B57-5AA1-4D5E-B11F-7419E375E249}
	EndGlobalSection
EndGlobal
